// !$*UTF8*$!
{
	archiveVersion = 1;
	classes = {
	};
	objectVersion = 46;
	objects = {

/* Begin PBXBuildFile section */
		D1E76B821C8B51190090EE6B /* main.m in Sources */ = {isa = PBXBuildFile; fileRef = D1E76B811C8B51190090EE6B /* main.m */; };
		D1E76B851C8B511A0090EE6B /* AppDelegate.m in Sources */ = {isa = PBXBuildFile; fileRef = D1E76B841C8B511A0090EE6B /* AppDelegate.m */; };
		D1E76B881C8B511A0090EE6B /* FirstViewController.m in Sources */ = {isa = PBXBuildFile; fileRef = D1E76B871C8B511A0090EE6B /* FirstViewController.m */; };
		D1E76B8B1C8B511A0090EE6B /* SecondViewController.m in Sources */ = {isa = PBXBuildFile; fileRef = D1E76B8A1C8B511A0090EE6B /* SecondViewController.m */; };
		D1E76B8E1C8B511A0090EE6B /* Main.storyboard in Resources */ = {isa = PBXBuildFile; fileRef = D1E76B8C1C8B511A0090EE6B /* Main.storyboard */; };
		D1E76B901C8B511C0090EE6B /* Assets.xcassets in Resources */ = {isa = PBXBuildFile; fileRef = D1E76B8F1C8B511C0090EE6B /* Assets.xcassets */; };
		D1E76B931C8B511C0090EE6B /* LaunchScreen.storyboard in Resources */ = {isa = PBXBuildFile; fileRef = D1E76B911C8B511C0090EE6B /* LaunchScreen.storyboard */; };
/* End PBXBuildFile section */

/* Begin PBXFileReference section */
		D1E76B7D1C8B51190090EE6B /* CBInstagram.app */ = {isa = PBXFileReference; explicitFileType = wrapper.application; includeInIndex = 0; path = CBInstagram.app; sourceTree = BUILT_PRODUCTS_DIR; };
		D1E76B811C8B51190090EE6B /* main.m */ = {isa = PBXFileReference; lastKnownFileType = sourcecode.c.objc; path = main.m; sourceTree = "<group>"; };
		D1E76B831C8B51190090EE6B /* AppDelegate.h */ = {isa = PBXFileReference; lastKnownFileType = sourcecode.c.h; path = AppDelegate.h; sourceTree = "<group>"; };
		D1E76B841C8B511A0090EE6B /* AppDelegate.m */ = {isa = PBXFileReference; lastKnownFileType = sourcecode.c.objc; path = AppDelegate.m; sourceTree = "<group>"; };
		D1E76B861C8B511A0090EE6B /* FirstViewController.h */ = {isa = PBXFileReference; lastKnownFileType = sourcecode.c.h; path = FirstViewController.h; sourceTree = "<group>"; };
		D1E76B871C8B511A0090EE6B /* FirstViewController.m */ = {isa = PBXFileReference; lastKnownFileType = sourcecode.c.objc; path = FirstViewController.m; sourceTree = "<group>"; };
		D1E76B891C8B511A0090EE6B /* SecondViewController.h */ = {isa = PBXFileReference; lastKnownFileType = sourcecode.c.h; path = SecondViewController.h; sourceTree = "<group>"; };
		D1E76B8A1C8B511A0090EE6B /* SecondViewController.m */ = {isa = PBXFileReference; lastKnownFileType = sourcecode.c.objc; path = SecondViewController.m; sourceTree = "<group>"; };
		D1E76B8D1C8B511A0090EE6B /* Base */ = {isa = PBXFileReference; lastKnownFileType = file.storyboard; name = Base; path = Base.lproj/Main.storyboard; sourceTree = "<group>"; };
		D1E76B8F1C8B511C0090EE6B /* Assets.xcassets */ = {isa = PBXFileReference; lastKnownFileType = folder.assetcatalog; path = Assets.xcassets; sourceTree = "<group>"; };
		D1E76B921C8B511C0090EE6B /* Base */ = {isa = PBXFileReference; lastKnownFileType = file.storyboard; name = Base; path = Base.lproj/LaunchScreen.storyboard; sourceTree = "<group>"; };
		D1E76B941C8B511D0090EE6B /* Info.plist */ = {isa = PBXFileReference; lastKnownFileType = text.plist.xml; path = Info.plist; sourceTree = "<group>"; };
/* End PBXFileReference section */

/* Begin PBXFrameworksBuildPhase section */
		D1E76B7A1C8B51190090EE6B /* Frameworks */ = {
			isa = PBXFrameworksBuildPhase;
			buildActionMask = 2147483647;
			files = (
			);
			runOnlyForDeploymentPostprocessing = 0;
		};
/* End PBXFrameworksBuildPhase section */

/* Begin PBXGroup section */
		D1E76B741C8B51180090EE6B = {
			isa = PBXGroup;
			children = (
				D1E76B7F1C8B51190090EE6B /* CBInstagram */,
				D1E76B7E1C8B51190090EE6B /* Products */,
			);
			sourceTree = "<group>";
		};
		D1E76B7E1C8B51190090EE6B /* Products */ = {
			isa = PBXGroup;
			children = (
				D1E76B7D1C8B51190090EE6B /* CBInstagram.app */,
			);
			name = Products;
			sourceTree = "<group>";
		};
		D1E76B7F1C8B51190090EE6B /* CBInstagram */ = {
			isa = PBXGroup;
			children = (
				D1E76B831C8B51190090EE6B /* AppDelegate.h */,
				D1E76B841C8B511A0090EE6B /* AppDelegate.m */,
				D1E76B861C8B511A0090EE6B /* FirstViewController.h */,
				D1E76B871C8B511A0090EE6B /* FirstViewController.m */,
				D1E76B891C8B511A0090EE6B /* SecondViewController.h */,
				D1E76B8A1C8B511A0090EE6B /* SecondViewController.m */,
				D1E76B8C1C8B511A0090EE6B /* Main.storyboard */,
				D1E76B8F1C8B511C0090EE6B /* Assets.xcassets */,
				D1E76B911C8B511C0090EE6B /* LaunchScreen.storyboard */,
				D1E76B941C8B511D0090EE6B /* Info.plist */,
				D1E76B801C8B51190090EE6B /* Supporting Files */,
			);
			path = CBInstagram;
			sourceTree = "<group>";
		};
		D1E76B801C8B51190090EE6B /* Supporting Files */ = {
			isa = PBXGroup;
			children = (
				D1E76B811C8B51190090EE6B /* main.m */,
			);
			name = "Supporting Files";
			sourceTree = "<group>";
		};
/* End PBXGroup section */

/* Begin PBXNativeTarget section */
		D1E76B7C1C8B51190090EE6B /* CBInstagram */ = {
			isa = PBXNativeTarget;
			buildConfigurationList = D1E76B971C8B511D0090EE6B /* Build configuration list for PBXNativeTarget "CBInstagram" */;
			buildPhases = (
				D1E76B791C8B51190090EE6B /* Sources */,
				D1E76B7A1C8B51190090EE6B /* Frameworks */,
				D1E76B7B1C8B51190090EE6B /* Resources */,
			);
			buildRules = (
			);
			dependencies = (
			);
			name = CBInstagram;
			productName = CBInstagram;
			productReference = D1E76B7D1C8B51190090EE6B /* CBInstagram.app */;
			productType = "com.apple.product-type.application";
		};
/* End PBXNativeTarget section */

/* Begin PBXProject section */
		D1E76B751C8B51190090EE6B /* Project object */ = {
			isa = PBXProject;
			attributes = {
				LastUpgradeCheck = 0720;
				ORGANIZATIONNAME = ideveloper;
				TargetAttributes = {
					D1E76B7C1C8B51190090EE6B = {
						CreatedOnToolsVersion = 7.2;
					};
				};
			};
			buildConfigurationList = D1E76B781C8B51190090EE6B /* Build configuration list for PBXProject "CBInstagram" */;
			compatibilityVersion = "Xcode 3.2";
			developmentRegion = English;
			hasScannedForEncodings = 0;
			knownRegions = (
				en,
				Base,
			);
			mainGroup = D1E76B741C8B51180090EE6B;
			productRefGroup = D1E76B7E1C8B51190090EE6B /* Products */;
			projectDirPath = "";
			projectRoot = "";
			targets = (
				D1E76B7C1C8B51190090EE6B /* CBInstagram */,
			);
		};
/* End PBXProject section */

/* Begin PBXResourcesBuildPhase section */
		D1E76B7B1C8B51190090EE6B /* Resources */ = {
			isa = PBXResourcesBuildPhase;
			buildActionMask = 2147483647;
			files = (
				D1E76B931C8B511C0090EE6B /* LaunchScreen.storyboard in Resources */,
				D1E76B901C8B511C0090EE6B /* Assets.xcassets in Resources */,
				D1E76B8E1C8B511A0090EE6B /* Main.storyboard in Resources */,
			);
			runOnlyForDeploymentPostprocessing = 0;
		};
/* End PBXResourcesBuildPhase section */

/* Begin PBXSourcesBuildPhase section */
		D1E76B791C8B51190090EE6B /* Sources */ = {
			isa = PBXSourcesBuildPhase;
			buildActionMask = 2147483647;
			files = (
				D1E76B8B1C8B511A0090EE6B /* SecondViewController.m in Sources */,
				D1E76B851C8B511A0090EE6B /* AppDelegate.m in Sources */,
				D1E76B881C8B511A0090EE6B /* FirstViewController.m in Sources */,
				D1E76B821C8B51190090EE6B /* main.m in Sources */,
			);
			runOnlyForDeploymentPostprocessing = 0;
		};
/* End PBXSourcesBuildPhase section */

/* Begin PBXVariantGroup section */
		D1E76B8C1C8B511A0090EE6B /* Main.storyboard */ = {
			isa = PBXVariantGroup;
			children = (
				D1E76B8D1C8B511A0090EE6B /* Base */,
			);
			name = Main.storyboard;
			sourceTree = "<group>";
		};
		D1E76B911C8B511C0090EE6B /* LaunchScreen.storyboard */ = {
			isa = PBXVariantGroup;
			children = (
				D1E76B921C8B511C0090EE6B /* Base */,
			);
			name = LaunchScreen.storyboard;
			sourceTree = "<group>";
		};
/* End PBXVariantGroup section */

/* Begin XCBuildConfiguration section */
		D1E76B951C8B511D0090EE6B /* Debug */ = {
			isa = XCBuildConfiguration;
			buildSettings = {
				ALWAYS_SEARCH_USER_PATHS = NO;
				CLANG_CXX_LANGUAGE_STANDARD = "gnu++0x";
				CLANG_CXX_LIBRARY = "libc++";
				CLANG_ENABLE_MODULES = YES;
				CLANG_ENABLE_OBJC_ARC = YES;
				CLANG_WARN_BOOL_CONVERSION = YES;
				CLANG_WARN_CONSTANT_CONVERSION = YES;
				CLANG_WARN_DIRECT_OBJC_ISA_USAGE = YES_ERROR;
				CLANG_WARN_EMPTY_BODY = YES;
				CLANG_WARN_ENUM_CONVERSION = YES;
				CLANG_WARN_INT_CONVERSION = YES;
				CLANG_WARN_OBJC_ROOT_CLASS = YES_ERROR;
				CLANG_WARN_UNREACHABLE_CODE = YES;
				CLANG_WARN__DUPLICATE_METHOD_MATCH = YES;
				"CODE_SIGN_IDENTITY[sdk=iphoneos*]" = "iPhone Developer";
				COPY_PHASE_STRIP = NO;
				DEBUG_INFORMATION_FORMAT = dwarf;
				ENABLE_STRICT_OBJC_MSGSEND = YES;
				ENABLE_TESTABILITY = YES;
				GCC_C_LANGUAGE_STANDARD = gnu99;
				GCC_DYNAMIC_NO_PIC = NO;
				GCC_NO_COMMON_BLOCKS = YES;
				GCC_OPTIMIZATION_LEVEL = 0;
				GCC_PREPROCESSOR_DEFINITIONS = (
					"DEBUG=1",
					"$(inherited)",
				);
				GCC_WARN_64_TO_32_BIT_CONVERSION = YES;
				GCC_WARN_ABOUT_RETURN_TYPE = YES_ERROR;
				GCC_WARN_UNDECLARED_SELECTOR = YES;
				GCC_WARN_UNINITIALIZED_AUTOS = YES_AGGRESSIVE;
				GCC_WARN_UNUSED_FUNCTION = YES;
				GCC_WARN_UNUSED_VARIABLE = YES;
				IPHONEOS_DEPLOYMENT_TARGET = 9.2;
				MTL_ENABLE_DEBUG_INFO = YES;
				ONLY_ACTIVE_ARCH = YES;
				SDKROOT = iphoneos;
			};
			name = Debug;
		};
		D1E76B961C8B511D0090EE6B /* Release */ = {
			isa = XCBuildConfiguration;
			buildSettings = {
				ALWAYS_SEARCH_USER_PATHS = NO;
				CLANG_CXX_LANGUAGE_STANDARD = "gnu++0x";
				CLANG_CXX_LIBRARY = "libc++";
				CLANG_ENABLE_MODULES = YES;
				CLANG_ENABLE_OBJC_ARC = YES;
				CLANG_WARN_BOOL_CONVERSION = YES;
				CLANG_WARN_CONSTANT_CONVERSION = YES;
				CLANG_WARN_DIRECT_OBJC_ISA_USAGE = YES_ERROR;
				CLANG_WARN_EMPTY_BODY = YES;
				CLANG_WARN_ENUM_CONVERSION = YES;
				CLANG_WARN_INT_CONVERSION = YES;
				CLANG_WARN_OBJC_ROOT_CLASS = YES_ERROR;
				CLANG_WARN_UNREACHABLE_CODE = YES;
				CLANG_WARN__DUPLICATE_METHOD_MATCH = YES;
				"CODE_SIGN_IDENTITY[sdk=iphoneos*]" = "iPhone Developer";
				COPY_PHASE_STRIP = NO;
				DEBUG_INFORMATION_FORMAT = "dwarf-with-dsym";
				ENABLE_NS_ASSERTIONS = NO;
				ENABLE_STRICT_OBJC_MSGSEND = YES;
				GCC_C_LANGUAGE_STANDARD = gnu99;
				GCC_NO_COMMON_BLOCKS = YES;
				GCC_WARN_64_TO_32_BIT_CONVERSION = YES;
				GCC_WARN_ABOUT_RETURN_TYPE = YES_ERROR;
				GCC_WARN_UNDECLARED_SELECTOR = YES;
				GCC_WARN_UNINITIALIZED_AUTOS = YES_AGGRESSIVE;
				GCC_WARN_UNUSED_FUNCTION = YES;
				GCC_WARN_UNUSED_VARIABLE = YES;
				IPHONEOS_DEPLOYMENT_TARGET = 9.2;
				MTL_ENABLE_DEBUG_INFO = NO;
				SDKROOT = iphoneos;
				VALIDATE_PRODUCT = YES;
			};
			name = Release;
		};
		D1E76B981C8B511D0090EE6B /* Debug */ = {
			isa = XCBuildConfiguration;
			buildSettings = {
				ASSETCATALOG_COMPILER_APPICON_NAME = AppIcon;
				INFOPLIST_FILE = CBInstagram/Info.plist;
				LD_RUNPATH_SEARCH_PATHS = "$(inherited) @executable_path/Frameworks";
				PRODUCT_BUNDLE_IDENTIFIER = com.ideveloper.ir.CBInstagram;
				PRODUCT_NAME = "$(TARGET_NAME)";
			};
			name = Debug;
		};
		D1E76B991C8B511D0090EE6B /* Release */ = {
			isa = XCBuildConfiguration;
			buildSettings = {
				ASSETCATALOG_COMPILER_APPICON_NAME = AppIcon;
				INFOPLIST_FILE = CBInstagram/Info.plist;
				LD_RUNPATH_SEARCH_PATHS = "$(inherited) @executable_path/Frameworks";
				PRODUCT_BUNDLE_IDENTIFIER = com.ideveloper.ir.CBInstagram;
				PRODUCT_NAME = "$(TARGET_NAME)";
			};
			name = Release;
		};
/* End XCBuildConfiguration section */

/* Begin XCConfigurationList section */
		D1E76B781C8B51190090EE6B /* Build configuration list for PBXProject "CBInstagram" */ = {
			isa = XCConfigurationList;
			buildConfigurations = (
				D1E76B951C8B511D0090EE6B /* Debug */,
				D1E76B961C8B511D0090EE6B /* Release */,
			);
			defaultConfigurationIsVisible = 0;
			defaultConfigurationName = Release;
		};
		D1E76B971C8B511D0090EE6B /* Build configuration list for PBXNativeTarget "CBInstagram" */ = {
			isa = XCConfigurationList;
			buildConfigurations = (
				D1E76B981C8B511D0090EE6B /* Debug */,
				D1E76B991C8B511D0090EE6B /* Release */,
			);
			defaultConfigurationIsVisible = 0;
		};
/* End XCConfigurationList section */
	};
	rootObject = D1E76B751C8B51190090EE6B /* Project object */;
}
