// !$*UTF8*$!
{
	archiveVersion = 1;
	classes = {
	};
	objectVersion = 46;
	objects = {

/* Begin PBXBuildFile section */
		1D710F1041D0757A9B68348D /* libPods-CBInstagram.a in Frameworks */ = {isa = PBXBuildFile; fileRef = 0887FCEDDC293AB3396E2BAF /* libPods-CBInstagram.a */; };
		D1206ABA1C8B530800240EB5 /* CBIDownloder.m in Sources */ = {isa = PBXBuildFile; fileRef = D1206AB91C8B530800240EB5 /* CBIDownloder.m */; };
		D1206ABF1C8B535D00240EB5 /* CBIMediaUserEntity.m in Sources */ = {isa = PBXBuildFile; fileRef = D1206ABE1C8B535D00240EB5 /* CBIMediaUserEntity.m */; };
		D1206AC21C8B543800240EB5 /* CBIDownloadeQueueHandler.m in Sources */ = {isa = PBXBuildFile; fileRef = D1206AC11C8B543800240EB5 /* CBIDownloadeQueueHandler.m */; };
		D1206AC61C8B547B00240EB5 /* GCDMulticastDelegate.m in Sources */ = {isa = PBXBuildFile; fileRef = D1206AC51C8B547B00240EB5 /* GCDMulticastDelegate.m */; settings = {COMPILER_FLAGS = "-fno-objc-arc"; }; };
		D1B05B2F1C8C051C0040724B /* Main.storyboard in Resources */ = {isa = PBXBuildFile; fileRef = D1B05B2E1C8C051C0040724B /* Main.storyboard */; };
		D1B05B331C8C059E0040724B /* CBITabbar.m in Sources */ = {isa = PBXBuildFile; fileRef = D1B05B321C8C059E0040724B /* CBITabbar.m */; };
		D1B05B371C8C060A0040724B /* CBIHomeViewController.m in Sources */ = {isa = PBXBuildFile; fileRef = D1B05B361C8C060A0040724B /* CBIHomeViewController.m */; };
		D1B05B3B1C8C07510040724B /* CBIPostCell.m in Sources */ = {isa = PBXBuildFile; fileRef = D1B05B3A1C8C07510040724B /* CBIPostCell.m */; };
		D1B05B3F1C8C08170040724B /* CBIImageCache.m in Sources */ = {isa = PBXBuildFile; fileRef = D1B05B3E1C8C08170040724B /* CBIImageCache.m */; };
		D1B05B441C8C08B80040724B /* CBIRequestManager.m in Sources */ = {isa = PBXBuildFile; fileRef = D1B05B431C8C08B80040724B /* CBIRequestManager.m */; };
		D1B05B471C8C09650040724B /* CBILoginViewController.m in Sources */ = {isa = PBXBuildFile; fileRef = D1B05B461C8C09650040724B /* CBILoginViewController.m */; };
		D1B05B4B1C8C0A370040724B /* CBILabel.m in Sources */ = {isa = PBXBuildFile; fileRef = D1B05B4A1C8C0A370040724B /* CBILabel.m */; };
		D1B05B4D1C8C0A560040724B /* CBIPostCell.xib in Resources */ = {isa = PBXBuildFile; fileRef = D1B05B4C1C8C0A560040724B /* CBIPostCell.xib */; };
		D1B05B521C8C0ADC0040724B /* CBIHeaderPost.m in Sources */ = {isa = PBXBuildFile; fileRef = D1B05B511C8C0ADC0040724B /* CBIHeaderPost.m */; };
		D1B05B541C8C0B030040724B /* CBIHeaderPost.xib in Resources */ = {isa = PBXBuildFile; fileRef = D1B05B531C8C0B030040724B /* CBIHeaderPost.xib */; };
		D1B05B591C8C1FB20040724B /* CBIGridViewController.m in Sources */ = {isa = PBXBuildFile; fileRef = D1B05B581C8C1FB20040724B /* CBIGridViewController.m */; };
		D1B05B5E1C8C21550040724B /* CBICollectionViewCell.m in Sources */ = {isa = PBXBuildFile; fileRef = D1B05B5C1C8C21550040724B /* CBICollectionViewCell.m */; };
		D1B05B5F1C8C21550040724B /* CBICollectionViewCell.xib in Resources */ = {isa = PBXBuildFile; fileRef = D1B05B5D1C8C21550040724B /* CBICollectionViewCell.xib */; };
		D1B05B681C8C398F0040724B /* CBIProfileCell.m in Sources */ = {isa = PBXBuildFile; fileRef = D1B05B661C8C398F0040724B /* CBIProfileCell.m */; };
		D1B05B691C8C398F0040724B /* CBIProfileCell.xib in Resources */ = {isa = PBXBuildFile; fileRef = D1B05B671C8C398F0040724B /* CBIProfileCell.xib */; };
		D1B05B6C1C8C4B220040724B /* CBISelfProvider.m in Sources */ = {isa = PBXBuildFile; fileRef = D1B05B6B1C8C4B220040724B /* CBISelfProvider.m */; };
		D1E76B821C8B51190090EE6B /* main.m in Sources */ = {isa = PBXBuildFile; fileRef = D1E76B811C8B51190090EE6B /* main.m */; };
		D1E76B851C8B511A0090EE6B /* AppDelegate.m in Sources */ = {isa = PBXBuildFile; fileRef = D1E76B841C8B511A0090EE6B /* AppDelegate.m */; };
		D1E76B901C8B511C0090EE6B /* Assets.xcassets in Resources */ = {isa = PBXBuildFile; fileRef = D1E76B8F1C8B511C0090EE6B /* Assets.xcassets */; };
		D1E76B931C8B511C0090EE6B /* LaunchScreen.storyboard in Resources */ = {isa = PBXBuildFile; fileRef = D1E76B911C8B511C0090EE6B /* LaunchScreen.storyboard */; };
/* End PBXBuildFile section */

/* Begin PBXFileReference section */
		0887FCEDDC293AB3396E2BAF /* libPods-CBInstagram.a */ = {isa = PBXFileReference; explicitFileType = archive.ar; includeInIndex = 0; path = "libPods-CBInstagram.a"; sourceTree = BUILT_PRODUCTS_DIR; };
		706178056412F4BEE86E9390 /* Pods-CBInstagram.release.xcconfig */ = {isa = PBXFileReference; includeInIndex = 1; lastKnownFileType = text.xcconfig; name = "Pods-CBInstagram.release.xcconfig"; path = "Pods/Target Support Files/Pods-CBInstagram/Pods-CBInstagram.release.xcconfig"; sourceTree = "<group>"; };
		91C34EF6C6BC6AAC9B0CF6B4 /* Pods-CBInstagram.debug.xcconfig */ = {isa = PBXFileReference; includeInIndex = 1; lastKnownFileType = text.xcconfig; name = "Pods-CBInstagram.debug.xcconfig"; path = "Pods/Target Support Files/Pods-CBInstagram/Pods-CBInstagram.debug.xcconfig"; sourceTree = "<group>"; };
		D1206AB81C8B530800240EB5 /* CBIDownloder.h */ = {isa = PBXFileReference; fileEncoding = 4; lastKnownFileType = sourcecode.c.h; path = CBIDownloder.h; sourceTree = "<group>"; };
		D1206AB91C8B530800240EB5 /* CBIDownloder.m */ = {isa = PBXFileReference; fileEncoding = 4; lastKnownFileType = sourcecode.c.objc; path = CBIDownloder.m; sourceTree = "<group>"; };
		D1206ABD1C8B535D00240EB5 /* CBIMediaUserEntity.h */ = {isa = PBXFileReference; fileEncoding = 4; lastKnownFileType = sourcecode.c.h; path = CBIMediaUserEntity.h; sourceTree = "<group>"; };
		D1206ABE1C8B535D00240EB5 /* CBIMediaUserEntity.m */ = {isa = PBXFileReference; fileEncoding = 4; lastKnownFileType = sourcecode.c.objc; path = CBIMediaUserEntity.m; sourceTree = "<group>"; };
		D1206AC01C8B543800240EB5 /* CBIDownloadeQueueHandler.h */ = {isa = PBXFileReference; fileEncoding = 4; lastKnownFileType = sourcecode.c.h; path = CBIDownloadeQueueHandler.h; sourceTree = "<group>"; };
		D1206AC11C8B543800240EB5 /* CBIDownloadeQueueHandler.m */ = {isa = PBXFileReference; fileEncoding = 4; lastKnownFileType = sourcecode.c.objc; path = CBIDownloadeQueueHandler.m; sourceTree = "<group>"; };
		D1206AC41C8B547B00240EB5 /* GCDMulticastDelegate.h */ = {isa = PBXFileReference; fileEncoding = 4; lastKnownFileType = sourcecode.c.h; path = GCDMulticastDelegate.h; sourceTree = "<group>"; };
		D1206AC51C8B547B00240EB5 /* GCDMulticastDelegate.m */ = {isa = PBXFileReference; fileEncoding = 4; lastKnownFileType = sourcecode.c.objc; path = GCDMulticastDelegate.m; sourceTree = "<group>"; };
		D1B05B2E1C8C051C0040724B /* Main.storyboard */ = {isa = PBXFileReference; fileEncoding = 4; lastKnownFileType = file.storyboard; path = Main.storyboard; sourceTree = "<group>"; };
		D1B05B311C8C059E0040724B /* CBITabbar.h */ = {isa = PBXFileReference; fileEncoding = 4; lastKnownFileType = sourcecode.c.h; path = CBITabbar.h; sourceTree = "<group>"; };
		D1B05B321C8C059E0040724B /* CBITabbar.m */ = {isa = PBXFileReference; fileEncoding = 4; lastKnownFileType = sourcecode.c.objc; path = CBITabbar.m; sourceTree = "<group>"; };
		D1B05B351C8C060A0040724B /* CBIHomeViewController.h */ = {isa = PBXFileReference; fileEncoding = 4; lastKnownFileType = sourcecode.c.h; path = CBIHomeViewController.h; sourceTree = "<group>"; };
		D1B05B361C8C060A0040724B /* CBIHomeViewController.m */ = {isa = PBXFileReference; fileEncoding = 4; lastKnownFileType = sourcecode.c.objc; path = CBIHomeViewController.m; sourceTree = "<group>"; };
		D1B05B391C8C07510040724B /* CBIPostCell.h */ = {isa = PBXFileReference; fileEncoding = 4; lastKnownFileType = sourcecode.c.h; path = CBIPostCell.h; sourceTree = "<group>"; };
		D1B05B3A1C8C07510040724B /* CBIPostCell.m */ = {isa = PBXFileReference; fileEncoding = 4; lastKnownFileType = sourcecode.c.objc; path = CBIPostCell.m; sourceTree = "<group>"; };
		D1B05B3D1C8C08170040724B /* CBIImageCache.h */ = {isa = PBXFileReference; fileEncoding = 4; lastKnownFileType = sourcecode.c.h; path = CBIImageCache.h; sourceTree = "<group>"; };
		D1B05B3E1C8C08170040724B /* CBIImageCache.m */ = {isa = PBXFileReference; fileEncoding = 4; lastKnownFileType = sourcecode.c.objc; path = CBIImageCache.m; sourceTree = "<group>"; };
		D1B05B421C8C08B80040724B /* CBIRequestManager.h */ = {isa = PBXFileReference; fileEncoding = 4; lastKnownFileType = sourcecode.c.h; path = CBIRequestManager.h; sourceTree = "<group>"; };
		D1B05B431C8C08B80040724B /* CBIRequestManager.m */ = {isa = PBXFileReference; fileEncoding = 4; lastKnownFileType = sourcecode.c.objc; path = CBIRequestManager.m; sourceTree = "<group>"; };
		D1B05B451C8C09650040724B /* CBILoginViewController.h */ = {isa = PBXFileReference; fileEncoding = 4; lastKnownFileType = sourcecode.c.h; path = CBILoginViewController.h; sourceTree = "<group>"; };
		D1B05B461C8C09650040724B /* CBILoginViewController.m */ = {isa = PBXFileReference; fileEncoding = 4; lastKnownFileType = sourcecode.c.objc; path = CBILoginViewController.m; sourceTree = "<group>"; };
		D1B05B491C8C0A370040724B /* CBILabel.h */ = {isa = PBXFileReference; fileEncoding = 4; lastKnownFileType = sourcecode.c.h; path = CBILabel.h; sourceTree = "<group>"; };
		D1B05B4A1C8C0A370040724B /* CBILabel.m */ = {isa = PBXFileReference; fileEncoding = 4; lastKnownFileType = sourcecode.c.objc; path = CBILabel.m; sourceTree = "<group>"; };
		D1B05B4C1C8C0A560040724B /* CBIPostCell.xib */ = {isa = PBXFileReference; fileEncoding = 4; lastKnownFileType = file.xib; path = CBIPostCell.xib; sourceTree = "<group>"; };
		D1B05B501C8C0ADC0040724B /* CBIHeaderPost.h */ = {isa = PBXFileReference; fileEncoding = 4; lastKnownFileType = sourcecode.c.h; path = CBIHeaderPost.h; sourceTree = "<group>"; };
		D1B05B511C8C0ADC0040724B /* CBIHeaderPost.m */ = {isa = PBXFileReference; fileEncoding = 4; lastKnownFileType = sourcecode.c.objc; path = CBIHeaderPost.m; sourceTree = "<group>"; };
		D1B05B531C8C0B030040724B /* CBIHeaderPost.xib */ = {isa = PBXFileReference; fileEncoding = 4; lastKnownFileType = file.xib; path = CBIHeaderPost.xib; sourceTree = "<group>"; };
		D1B05B571C8C1FB20040724B /* CBIGridViewController.h */ = {isa = PBXFileReference; fileEncoding = 4; lastKnownFileType = sourcecode.c.h; path = CBIGridViewController.h; sourceTree = "<group>"; };
		D1B05B581C8C1FB20040724B /* CBIGridViewController.m */ = {isa = PBXFileReference; fileEncoding = 4; lastKnownFileType = sourcecode.c.objc; path = CBIGridViewController.m; sourceTree = "<group>"; };
		D1B05B5B1C8C21550040724B /* CBICollectionViewCell.h */ = {isa = PBXFileReference; fileEncoding = 4; lastKnownFileType = sourcecode.c.h; path = CBICollectionViewCell.h; sourceTree = "<group>"; };
		D1B05B5C1C8C21550040724B /* CBICollectionViewCell.m */ = {isa = PBXFileReference; fileEncoding = 4; lastKnownFileType = sourcecode.c.objc; path = CBICollectionViewCell.m; sourceTree = "<group>"; };
		D1B05B5D1C8C21550040724B /* CBICollectionViewCell.xib */ = {isa = PBXFileReference; fileEncoding = 4; lastKnownFileType = file.xib; path = CBICollectionViewCell.xib; sourceTree = "<group>"; };
		D1B05B651C8C398F0040724B /* CBIProfileCell.h */ = {isa = PBXFileReference; fileEncoding = 4; lastKnownFileType = sourcecode.c.h; path = CBIProfileCell.h; sourceTree = "<group>"; };
		D1B05B661C8C398F0040724B /* CBIProfileCell.m */ = {isa = PBXFileReference; fileEncoding = 4; lastKnownFileType = sourcecode.c.objc; path = CBIProfileCell.m; sourceTree = "<group>"; };
		D1B05B671C8C398F0040724B /* CBIProfileCell.xib */ = {isa = PBXFileReference; fileEncoding = 4; lastKnownFileType = file.xib; path = CBIProfileCell.xib; sourceTree = "<group>"; };
		D1B05B6A1C8C4B220040724B /* CBISelfProvider.h */ = {isa = PBXFileReference; fileEncoding = 4; lastKnownFileType = sourcecode.c.h; path = CBISelfProvider.h; sourceTree = "<group>"; };
		D1B05B6B1C8C4B220040724B /* CBISelfProvider.m */ = {isa = PBXFileReference; fileEncoding = 4; lastKnownFileType = sourcecode.c.objc; path = CBISelfProvider.m; sourceTree = "<group>"; };
		D1E76B7D1C8B51190090EE6B /* CBInstagram.app */ = {isa = PBXFileReference; explicitFileType = wrapper.application; includeInIndex = 0; path = CBInstagram.app; sourceTree = BUILT_PRODUCTS_DIR; };
		D1E76B811C8B51190090EE6B /* main.m */ = {isa = PBXFileReference; lastKnownFileType = sourcecode.c.objc; path = main.m; sourceTree = "<group>"; };
		D1E76B831C8B51190090EE6B /* AppDelegate.h */ = {isa = PBXFileReference; lastKnownFileType = sourcecode.c.h; path = AppDelegate.h; sourceTree = "<group>"; };
		D1E76B841C8B511A0090EE6B /* AppDelegate.m */ = {isa = PBXFileReference; lastKnownFileType = sourcecode.c.objc; path = AppDelegate.m; sourceTree = "<group>"; };
		D1E76B8F1C8B511C0090EE6B /* Assets.xcassets */ = {isa = PBXFileReference; lastKnownFileType = folder.assetcatalog; path = Assets.xcassets; sourceTree = "<group>"; };
		D1E76B921C8B511C0090EE6B /* Base */ = {isa = PBXFileReference; lastKnownFileType = file.storyboard; name = Base; path = Base.lproj/LaunchScreen.storyboard; sourceTree = "<group>"; };
		D1E76B941C8B511D0090EE6B /* Info.plist */ = {isa = PBXFileReference; lastKnownFileType = text.plist.xml; path = Info.plist; sourceTree = "<group>"; };
/* End PBXFileReference section */

/* Begin PBXFrameworksBuildPhase section */
		D1E76B7A1C8B51190090EE6B /* Frameworks */ = {
			isa = PBXFrameworksBuildPhase;
			buildActionMask = 2147483647;
			files = (
				1D710F1041D0757A9B68348D /* libPods-CBInstagram.a in Frameworks */,
			);
			runOnlyForDeploymentPostprocessing = 0;
		};
/* End PBXFrameworksBuildPhase section */

/* Begin PBXGroup section */
		1B4D35D079C501C157ED51D2 /* Frameworks */ = {
			isa = PBXGroup;
			children = (
				0887FCEDDC293AB3396E2BAF /* libPods-CBInstagram.a */,
			);
			name = Frameworks;
			sourceTree = "<group>";
		};
		7EF1C70A5B286A969C241DF8 /* Pods */ = {
			isa = PBXGroup;
			children = (
				91C34EF6C6BC6AAC9B0CF6B4 /* Pods-CBInstagram.debug.xcconfig */,
				706178056412F4BEE86E9390 /* Pods-CBInstagram.release.xcconfig */,
			);
			name = Pods;
			sourceTree = "<group>";
		};
		D1206AB71C8B52D800240EB5 /* AppDelegate */ = {
			isa = PBXGroup;
			children = (
				D1E76B831C8B51190090EE6B /* AppDelegate.h */,
				D1E76B841C8B511A0090EE6B /* AppDelegate.m */,
			);
			name = AppDelegate;
			sourceTree = "<group>";
		};
		D1206ABB1C8B530E00240EB5 /* CBIDownloader */ = {
			isa = PBXGroup;
			children = (
				D1206AB81C8B530800240EB5 /* CBIDownloder.h */,
				D1206AB91C8B530800240EB5 /* CBIDownloder.m */,
				D1206AC01C8B543800240EB5 /* CBIDownloadeQueueHandler.h */,
				D1206AC11C8B543800240EB5 /* CBIDownloadeQueueHandler.m */,
			);
			name = CBIDownloader;
			sourceTree = "<group>";
		};
		D1206ABC1C8B532200240EB5 /* Model */ = {
			isa = PBXGroup;
			children = (
				D1206ABD1C8B535D00240EB5 /* CBIMediaUserEntity.h */,
				D1206ABE1C8B535D00240EB5 /* CBIMediaUserEntity.m */,
				D1B05B6A1C8C4B220040724B /* CBISelfProvider.h */,
				D1B05B6B1C8C4B220040724B /* CBISelfProvider.m */,
			);
			name = Model;
			sourceTree = "<group>";
		};
		D1206AC31C8B546600240EB5 /* MultiCastDelegate */ = {
			isa = PBXGroup;
			children = (
				D1206AC41C8B547B00240EB5 /* GCDMulticastDelegate.h */,
				D1206AC51C8B547B00240EB5 /* GCDMulticastDelegate.m */,
			);
			name = MultiCastDelegate;
			sourceTree = "<group>";
		};
		D1B05B301C8C05540040724B /* CBITabbar */ = {
			isa = PBXGroup;
			children = (
				D1B05B311C8C059E0040724B /* CBITabbar.h */,
				D1B05B321C8C059E0040724B /* CBITabbar.m */,
			);
			name = CBITabbar;
			sourceTree = "<group>";
		};
		D1B05B341C8C05ED0040724B /* ViewControllers */ = {
			isa = PBXGroup;
			children = (
				D1B05B351C8C060A0040724B /* CBIHomeViewController.h */,
				D1B05B361C8C060A0040724B /* CBIHomeViewController.m */,
				D1B05B451C8C09650040724B /* CBILoginViewController.h */,
				D1B05B461C8C09650040724B /* CBILoginViewController.m */,
				D1B05B571C8C1FB20040724B /* CBIGridViewController.h */,
				D1B05B581C8C1FB20040724B /* CBIGridViewController.m */,
			);
			name = ViewControllers;
			sourceTree = "<group>";
		};
		D1B05B381C8C07300040724B /* CustomView */ = {
			isa = PBXGroup;
			children = (
				D1B05B5A1C8C21330040724B /* CBICollectionViewCell */,
				D1B05B4F1C8C0AB70040724B /* CustomHeader */,
				D1B05B4E1C8C0AA80040724B /* CustomCell */,
				D1B05B481C8C0A220040724B /* CBILabel */,
			);
			name = CustomView;
			sourceTree = "<group>";
		};
		D1B05B3C1C8C07FF0040724B /* CBIIMageCache */ = {
			isa = PBXGroup;
			children = (
				D1B05B3D1C8C08170040724B /* CBIImageCache.h */,
				D1B05B3E1C8C08170040724B /* CBIImageCache.m */,
			);
			name = CBIIMageCache;
			sourceTree = "<group>";
		};
		D1B05B401C8C087D0040724B /* Core */ = {
			isa = PBXGroup;
			children = (
				D1B05B411C8C08A60040724B /* CBIRequestManager */,
				D1B05B3C1C8C07FF0040724B /* CBIIMageCache */,
				D1206ABC1C8B532200240EB5 /* Model */,
				D1206ABB1C8B530E00240EB5 /* CBIDownloader */,
			);
			name = Core;
			sourceTree = "<group>";
		};
		D1B05B411C8C08A60040724B /* CBIRequestManager */ = {
			isa = PBXGroup;
			children = (
				D1B05B421C8C08B80040724B /* CBIRequestManager.h */,
				D1B05B431C8C08B80040724B /* CBIRequestManager.m */,
			);
			name = CBIRequestManager;
			sourceTree = "<group>";
		};
		D1B05B481C8C0A220040724B /* CBILabel */ = {
			isa = PBXGroup;
			children = (
				D1B05B491C8C0A370040724B /* CBILabel.h */,
				D1B05B4A1C8C0A370040724B /* CBILabel.m */,
			);
			name = CBILabel;
			sourceTree = "<group>";
		};
		D1B05B4E1C8C0AA80040724B /* CustomCell */ = {
			isa = PBXGroup;
			children = (
				D1B05B391C8C07510040724B /* CBIPostCell.h */,
				D1B05B3A1C8C07510040724B /* CBIPostCell.m */,
				D1B05B4C1C8C0A560040724B /* CBIPostCell.xib */,
			);
			name = CustomCell;
			sourceTree = "<group>";
		};
		D1B05B4F1C8C0AB70040724B /* CustomHeader */ = {
			isa = PBXGroup;
			children = (
				D1B05B501C8C0ADC0040724B /* CBIHeaderPost.h */,
				D1B05B511C8C0ADC0040724B /* CBIHeaderPost.m */,
				D1B05B531C8C0B030040724B /* CBIHeaderPost.xib */,
			);
			name = CustomHeader;
			sourceTree = "<group>";
		};
		D1B05B5A1C8C21330040724B /* CBICollectionViewCell */ = {
			isa = PBXGroup;
			children = (
				D1B05B5B1C8C21550040724B /* CBICollectionViewCell.h */,
				D1B05B5C1C8C21550040724B /* CBICollectionViewCell.m */,
				D1B05B5D1C8C21550040724B /* CBICollectionViewCell.xib */,
				D1B05B651C8C398F0040724B /* CBIProfileCell.h */,
				D1B05B661C8C398F0040724B /* CBIProfileCell.m */,
				D1B05B671C8C398F0040724B /* CBIProfileCell.xib */,
			);
			name = CBICollectionViewCell;
			sourceTree = "<group>";
		};
		D1E76B741C8B51180090EE6B = {
			isa = PBXGroup;
			children = (
				D1E76B7F1C8B51190090EE6B /* CBInstagram */,
				D1E76B7E1C8B51190090EE6B /* Products */,
				7EF1C70A5B286A969C241DF8 /* Pods */,
				1B4D35D079C501C157ED51D2 /* Frameworks */,
			);
			sourceTree = "<group>";
		};
		D1E76B7E1C8B51190090EE6B /* Products */ = {
			isa = PBXGroup;
			children = (
				D1E76B7D1C8B51190090EE6B /* CBInstagram.app */,
			);
			name = Products;
			sourceTree = "<group>";
		};
		D1E76B7F1C8B51190090EE6B /* CBInstagram */ = {
			isa = PBXGroup;
			children = (
				D1B05B401C8C087D0040724B /* Core */,
				D1B05B381C8C07300040724B /* CustomView */,
				D1B05B341C8C05ED0040724B /* ViewControllers */,
				D1B05B301C8C05540040724B /* CBITabbar */,
				D1206AC31C8B546600240EB5 /* MultiCastDelegate */,
				D1206AB71C8B52D800240EB5 /* AppDelegate */,
				D1E76B8F1C8B511C0090EE6B /* Assets.xcassets */,
				D1E76B911C8B511C0090EE6B /* LaunchScreen.storyboard */,
				D1B05B2E1C8C051C0040724B /* Main.storyboard */,
				D1E76B941C8B511D0090EE6B /* Info.plist */,
				D1E76B801C8B51190090EE6B /* Supporting Files */,
			);
			path = CBInstagram;
			sourceTree = "<group>";
		};
		D1E76B801C8B51190090EE6B /* Supporting Files */ = {
			isa = PBXGroup;
			children = (
				D1E76B811C8B51190090EE6B /* main.m */,
			);
			name = "Supporting Files";
			sourceTree = "<group>";
		};
/* End PBXGroup section */

/* Begin PBXNativeTarget section */
		D1E76B7C1C8B51190090EE6B /* CBInstagram */ = {
			isa = PBXNativeTarget;
			buildConfigurationList = D1E76B971C8B511D0090EE6B /* Build configuration list for PBXNativeTarget "CBInstagram" */;
			buildPhases = (
				82FDE90E6B89C15EF90A2A15 /* Check Pods Manifest.lock */,
				D1E76B791C8B51190090EE6B /* Sources */,
				D1E76B7A1C8B51190090EE6B /* Frameworks */,
				D1E76B7B1C8B51190090EE6B /* Resources */,
				B96F66F0FE758C994F5115AF /* Embed Pods Frameworks */,
				C68EE7754201D3088CC019F8 /* Copy Pods Resources */,
				D1ECCA401C8D6BBF000685A3 /* ShellScript */,
			);
			buildRules = (
			);
			dependencies = (
			);
			name = CBInstagram;
			productName = CBInstagram;
			productReference = D1E76B7D1C8B51190090EE6B /* CBInstagram.app */;
			productType = "com.apple.product-type.application";
		};
/* End PBXNativeTarget section */

/* Begin PBXProject section */
		D1E76B751C8B51190090EE6B /* Project object */ = {
			isa = PBXProject;
			attributes = {
				LastUpgradeCheck = 0720;
				ORGANIZATIONNAME = ideveloper;
				TargetAttributes = {
					D1E76B7C1C8B51190090EE6B = {
						CreatedOnToolsVersion = 7.2;
					};
				};
			};
			buildConfigurationList = D1E76B781C8B51190090EE6B /* Build configuration list for PBXProject "CBInstagram" */;
			compatibilityVersion = "Xcode 3.2";
			developmentRegion = English;
			hasScannedForEncodings = 0;
			knownRegions = (
				en,
				Base,
			);
			mainGroup = D1E76B741C8B51180090EE6B;
			productRefGroup = D1E76B7E1C8B51190090EE6B /* Products */;
			projectDirPath = "";
			projectRoot = "";
			targets = (
				D1E76B7C1C8B51190090EE6B /* CBInstagram */,
			);
		};
/* End PBXProject section */

/* Begin PBXResourcesBuildPhase section */
		D1E76B7B1C8B51190090EE6B /* Resources */ = {
			isa = PBXResourcesBuildPhase;
			buildActionMask = 2147483647;
			files = (
				D1B05B4D1C8C0A560040724B /* CBIPostCell.xib in Resources */,
				D1B05B2F1C8C051C0040724B /* Main.storyboard in Resources */,
				D1B05B691C8C398F0040724B /* CBIProfileCell.xib in Resources */,
				D1B05B5F1C8C21550040724B /* CBICollectionViewCell.xib in Resources */,
				D1E76B931C8B511C0090EE6B /* LaunchScreen.storyboard in Resources */,
				D1E76B901C8B511C0090EE6B /* Assets.xcassets in Resources */,
				D1B05B541C8C0B030040724B /* CBIHeaderPost.xib in Resources */,
			);
			runOnlyForDeploymentPostprocessing = 0;
		};
/* End PBXResourcesBuildPhase section */

/* Begin PBXShellScriptBuildPhase section */
		82FDE90E6B89C15EF90A2A15 /* Check Pods Manifest.lock */ = {
			isa = PBXShellScriptBuildPhase;
			buildActionMask = 2147483647;
			files = (
			);
			inputPaths = (
			);
			name = "Check Pods Manifest.lock";
			outputPaths = (
			);
			runOnlyForDeploymentPostprocessing = 0;
			shellPath = /bin/sh;
			shellScript = "diff \"${PODS_ROOT}/../Podfile.lock\" \"${PODS_ROOT}/Manifest.lock\" > /dev/null\nif [[ $? != 0 ]] ; then\n    cat << EOM\nerror: The sandbox is not in sync with the Podfile.lock. Run 'pod install' or update your CocoaPods installation.\nEOM\n    exit 1\nfi\n";
			showEnvVarsInLog = 0;
		};
		B96F66F0FE758C994F5115AF /* Embed Pods Frameworks */ = {
			isa = PBXShellScriptBuildPhase;
			buildActionMask = 2147483647;
			files = (
			);
			inputPaths = (
			);
			name = "Embed Pods Frameworks";
			outputPaths = (
			);
			runOnlyForDeploymentPostprocessing = 0;
			shellPath = /bin/sh;
			shellScript = "\"${SRCROOT}/Pods/Target Support Files/Pods-CBInstagram/Pods-CBInstagram-frameworks.sh\"\n";
			showEnvVarsInLog = 0;
		};
		C68EE7754201D3088CC019F8 /* Copy Pods Resources */ = {
			isa = PBXShellScriptBuildPhase;
			buildActionMask = 2147483647;
			files = (
			);
			inputPaths = (
			);
			name = "Copy Pods Resources";
			outputPaths = (
			);
			runOnlyForDeploymentPostprocessing = 0;
			shellPath = /bin/sh;
			shellScript = "\"${SRCROOT}/Pods/Target Support Files/Pods-CBInstagram/Pods-CBInstagram-resources.sh\"\n";
			showEnvVarsInLog = 0;
		};
		D1ECCA401C8D6BBF000685A3 /* ShellScript */ = {
			isa = PBXShellScriptBuildPhase;
			buildActionMask = 2147483647;
			files = (
			);
			inputPaths = (
			);
			outputPaths = (
			);
			runOnlyForDeploymentPostprocessing = 0;
			shellPath = /bin/sh;
			shellScript = "\"${PODS_ROOT}/Fabric/run\" 70cd4aae3fd5b15f806a9d6801f562090c46568c dc0e81aacfc74047e45dfdcd39bb4ff4c704db64c37cd2d6dec9ca9ac9bb8804";
		};
/* End PBXShellScriptBuildPhase section */

/* Begin PBXSourcesBuildPhase section */
		D1E76B791C8B51190090EE6B /* Sources */ = {
			isa = PBXSourcesBuildPhase;
			buildActionMask = 2147483647;
			files = (
				D1B05B371C8C060A0040724B /* CBIHomeViewController.m in Sources */,
				D1E76B851C8B511A0090EE6B /* AppDelegate.m in Sources */,
				D1B05B331C8C059E0040724B /* CBITabbar.m in Sources */,
				D1206ABF1C8B535D00240EB5 /* CBIMediaUserEntity.m in Sources */,
				D1B05B441C8C08B80040724B /* CBIRequestManager.m in Sources */,
				D1B05B4B1C8C0A370040724B /* CBILabel.m in Sources */,
				D1B05B471C8C09650040724B /* CBILoginViewController.m in Sources */,
				D1B05B5E1C8C21550040724B /* CBICollectionViewCell.m in Sources */,
				D1E76B821C8B51190090EE6B /* main.m in Sources */,
				D1B05B3B1C8C07510040724B /* CBIPostCell.m in Sources */,
				D1206ABA1C8B530800240EB5 /* CBIDownloder.m in Sources */,
				D1206AC61C8B547B00240EB5 /* GCDMulticastDelegate.m in Sources */,
				D1B05B681C8C398F0040724B /* CBIProfileCell.m in Sources */,
				D1B05B591C8C1FB20040724B /* CBIGridViewController.m in Sources */,
				D1206AC21C8B543800240EB5 /* CBIDownloadeQueueHandler.m in Sources */,
				D1B05B6C1C8C4B220040724B /* CBISelfProvider.m in Sources */,
				D1B05B3F1C8C08170040724B /* CBIImageCache.m in Sources */,
				D1B05B521C8C0ADC0040724B /* CBIHeaderPost.m in Sources */,
			);
			runOnlyForDeploymentPostprocessing = 0;
		};
/* End PBXSourcesBuildPhase section */

/* Begin PBXVariantGroup section */
		D1E76B911C8B511C0090EE6B /* LaunchScreen.storyboard */ = {
			isa = PBXVariantGroup;
			children = (
				D1E76B921C8B511C0090EE6B /* Base */,
			);
			name = LaunchScreen.storyboard;
			sourceTree = "<group>";
		};
/* End PBXVariantGroup section */

/* Begin XCBuildConfiguration section */
		D1E76B951C8B511D0090EE6B /* Debug */ = {
			isa = XCBuildConfiguration;
			buildSettings = {
				ALWAYS_SEARCH_USER_PATHS = NO;
				CLANG_CXX_LANGUAGE_STANDARD = "gnu++0x";
				CLANG_CXX_LIBRARY = "libc++";
				CLANG_ENABLE_MODULES = YES;
				CLANG_ENABLE_OBJC_ARC = YES;
				CLANG_WARN_BOOL_CONVERSION = YES;
				CLANG_WARN_CONSTANT_CONVERSION = YES;
				CLANG_WARN_DIRECT_OBJC_ISA_USAGE = YES_ERROR;
				CLANG_WARN_EMPTY_BODY = YES;
				CLANG_WARN_ENUM_CONVERSION = YES;
				CLANG_WARN_INT_CONVERSION = YES;
				CLANG_WARN_OBJC_ROOT_CLASS = YES_ERROR;
				CLANG_WARN_UNREACHABLE_CODE = YES;
				CLANG_WARN__DUPLICATE_METHOD_MATCH = YES;
				"CODE_SIGN_IDENTITY[sdk=iphoneos*]" = "iPhone Developer";
				COPY_PHASE_STRIP = NO;
				DEBUG_INFORMATION_FORMAT = dwarf;
				ENABLE_STRICT_OBJC_MSGSEND = YES;
				ENABLE_TESTABILITY = YES;
				GCC_C_LANGUAGE_STANDARD = gnu99;
				GCC_DYNAMIC_NO_PIC = NO;
				GCC_NO_COMMON_BLOCKS = YES;
				GCC_OPTIMIZATION_LEVEL = 0;
				GCC_PREPROCESSOR_DEFINITIONS = (
					"DEBUG=1",
					"$(inherited)",
				);
				GCC_WARN_64_TO_32_BIT_CONVERSION = YES;
				GCC_WARN_ABOUT_RETURN_TYPE = YES_ERROR;
				GCC_WARN_UNDECLARED_SELECTOR = YES;
				GCC_WARN_UNINITIALIZED_AUTOS = YES_AGGRESSIVE;
				GCC_WARN_UNUSED_FUNCTION = YES;
				GCC_WARN_UNUSED_VARIABLE = YES;
				IPHONEOS_DEPLOYMENT_TARGET = 9.2;
				MTL_ENABLE_DEBUG_INFO = YES;
				ONLY_ACTIVE_ARCH = YES;
				SDKROOT = iphoneos;
			};
			name = Debug;
		};
		D1E76B961C8B511D0090EE6B /* Release */ = {
			isa = XCBuildConfiguration;
			buildSettings = {
				ALWAYS_SEARCH_USER_PATHS = NO;
				CLANG_CXX_LANGUAGE_STANDARD = "gnu++0x";
				CLANG_CXX_LIBRARY = "libc++";
				CLANG_ENABLE_MODULES = YES;
				CLANG_ENABLE_OBJC_ARC = YES;
				CLANG_WARN_BOOL_CONVERSION = YES;
				CLANG_WARN_CONSTANT_CONVERSION = YES;
				CLANG_WARN_DIRECT_OBJC_ISA_USAGE = YES_ERROR;
				CLANG_WARN_EMPTY_BODY = YES;
				CLANG_WARN_ENUM_CONVERSION = YES;
				CLANG_WARN_INT_CONVERSION = YES;
				CLANG_WARN_OBJC_ROOT_CLASS = YES_ERROR;
				CLANG_WARN_UNREACHABLE_CODE = YES;
				CLANG_WARN__DUPLICATE_METHOD_MATCH = YES;
				"CODE_SIGN_IDENTITY[sdk=iphoneos*]" = "iPhone Developer";
				COPY_PHASE_STRIP = NO;
				DEBUG_INFORMATION_FORMAT = "dwarf-with-dsym";
				ENABLE_NS_ASSERTIONS = NO;
				ENABLE_STRICT_OBJC_MSGSEND = YES;
				GCC_C_LANGUAGE_STANDARD = gnu99;
				GCC_NO_COMMON_BLOCKS = YES;
				GCC_WARN_64_TO_32_BIT_CONVERSION = YES;
				GCC_WARN_ABOUT_RETURN_TYPE = YES_ERROR;
				GCC_WARN_UNDECLARED_SELECTOR = YES;
				GCC_WARN_UNINITIALIZED_AUTOS = YES_AGGRESSIVE;
				GCC_WARN_UNUSED_FUNCTION = YES;
				GCC_WARN_UNUSED_VARIABLE = YES;
				IPHONEOS_DEPLOYMENT_TARGET = 9.2;
				MTL_ENABLE_DEBUG_INFO = NO;
				SDKROOT = iphoneos;
				VALIDATE_PRODUCT = YES;
			};
			name = Release;
		};
		D1E76B981C8B511D0090EE6B /* Debug */ = {
			isa = XCBuildConfiguration;
			baseConfigurationReference = 91C34EF6C6BC6AAC9B0CF6B4 /* Pods-CBInstagram.debug.xcconfig */;
			buildSettings = {
				ASSETCATALOG_COMPILER_APPICON_NAME = AppIcon;
				INFOPLIST_FILE = CBInstagram/Info.plist;
				LD_RUNPATH_SEARCH_PATHS = "$(inherited) @executable_path/Frameworks";
				PRODUCT_BUNDLE_IDENTIFIER = com.ideveloper.ir.CBInstagram;
				PRODUCT_NAME = "$(TARGET_NAME)";
			};
			name = Debug;
		};
		D1E76B991C8B511D0090EE6B /* Release */ = {
			isa = XCBuildConfiguration;
			baseConfigurationReference = 706178056412F4BEE86E9390 /* Pods-CBInstagram.release.xcconfig */;
			buildSettings = {
				ASSETCATALOG_COMPILER_APPICON_NAME = AppIcon;
				INFOPLIST_FILE = CBInstagram/Info.plist;
				LD_RUNPATH_SEARCH_PATHS = "$(inherited) @executable_path/Frameworks";
				PRODUCT_BUNDLE_IDENTIFIER = com.ideveloper.ir.CBInstagram;
				PRODUCT_NAME = "$(TARGET_NAME)";
			};
			name = Release;
		};
/* End XCBuildConfiguration section */

/* Begin XCConfigurationList section */
		D1E76B781C8B51190090EE6B /* Build configuration list for PBXProject "CBInstagram" */ = {
			isa = XCConfigurationList;
			buildConfigurations = (
				D1E76B951C8B511D0090EE6B /* Debug */,
				D1E76B961C8B511D0090EE6B /* Release */,
			);
			defaultConfigurationIsVisible = 0;
			defaultConfigurationName = Release;
		};
		D1E76B971C8B511D0090EE6B /* Build configuration list for PBXNativeTarget "CBInstagram" */ = {
			isa = XCConfigurationList;
			buildConfigurations = (
				D1E76B981C8B511D0090EE6B /* Debug */,
				D1E76B991C8B511D0090EE6B /* Release */,
			);
			defaultConfigurationIsVisible = 0;
			defaultConfigurationName = Release;
		};
/* End XCConfigurationList section */
	};
	rootObject = D1E76B751C8B51190090EE6B /* Project object */;
}
